schema: '2.0'
stages:
  split:
    cmd: python src/data/split_data.py
    deps:
    - path: src/data/split_data.py
      hash: md5
      md5: 22e181d67288b084f50f68c1adad15dc
      size: 682
    outs:
    - path: data/processed/X_test.csv
      hash: md5
      md5: 3650992347abd32b2cd42bde8906b31f
      size: 52989
    - path: data/processed/X_train.csv
      hash: md5
      md5: 10b9624259cdef969e3830e4f6c0c4c3
      size: 210922
    - path: data/processed/y_test.csv
      hash: md5
      md5: 3738f93f228b4914c0c48ba6a9c35298
      size: 6821
    - path: data/processed/y_train.csv
      hash: md5
      md5: a9f6c4c8eba38f4177a8cfac86d19e97
      size: 27405
  normalize:
    cmd: python src/data/normalize_data.py
    deps:
    - path: data/processed/X_test.csv
      hash: md5
      md5: 3650992347abd32b2cd42bde8906b31f
      size: 52989
    - path: data/processed/X_train.csv
      hash: md5
      md5: 10b9624259cdef969e3830e4f6c0c4c3
      size: 210922
    - path: src/data/normalize_data.py
      hash: md5
      md5: ed5958db18ca04291f4b4fe2e5eccbdb
      size: 683
    outs:
    - path: data/processed/X_test_scaled.csv
      hash: md5
      md5: eb33f401380d429e1f212e5f38cdcc5f
      size: 57391
    - path: data/processed/X_train_scaled.csv
      hash: md5
      md5: be404ef96c19bd97f98a6889f27095d1
      size: 228951
    - path: models/scaler.pkl
      hash: md5
      md5: 4f2f837b27d63b8b2e590b7ea1e38966
      size: 1255
  gridsearch:
    cmd: python src/models/gridsearch.py
    deps:
    - path: data/processed/X_train_scaled.csv
      hash: md5
      md5: be404ef96c19bd97f98a6889f27095d1
      size: 228951
    - path: data/processed/y_train.csv
      hash: md5
      md5: a9f6c4c8eba38f4177a8cfac86d19e97
      size: 27405
    - path: src/models/gridsearch.py
      hash: md5
      md5: 7644d4b8a5ec1299de652cd669431886
      size: 711
    outs:
    - path: models/best_params.pkl
      hash: md5
      md5: a98b634e5d333c659349c7a91c526734
      size: 46
  train:
    cmd: python src/models/train_model.py
    deps:
    - path: data/processed/X_train_scaled.csv
      hash: md5
      md5: be404ef96c19bd97f98a6889f27095d1
      size: 228951
    - path: data/processed/y_train.csv
      hash: md5
      md5: a9f6c4c8eba38f4177a8cfac86d19e97
      size: 27405
    - path: models/best_params.pkl
      hash: md5
      md5: a98b634e5d333c659349c7a91c526734
      size: 46
    - path: src/models/train_model.py
      hash: md5
      md5: e90031ef7b750692302845bdea7f5050
      size: 512
    outs:
    - path: models/final_model.pkl
      hash: md5
      md5: 811529e2cda12250e6afe5710cfa0a78
      size: 25976801
  evaluate:
    cmd: python src/models/evaluate_model.py
    deps:
    - path: data/processed/X_test_scaled.csv
      hash: md5
      md5: eb33f401380d429e1f212e5f38cdcc5f
      size: 57391
    - path: data/processed/y_test.csv
      hash: md5
      md5: 3738f93f228b4914c0c48ba6a9c35298
      size: 6821
    - path: models/final_model.pkl
      hash: md5
      md5: 811529e2cda12250e6afe5710cfa0a78
      size: 25976801
    - path: src/models/evaluate_model.py
      hash: md5
      md5: eaa0ee154d32f45763d213f44931c56a
      size: 784
    outs:
    - path: data/processed/predictions.csv
      hash: md5
      md5: 320cc1edda5aff9b1eac863c0781d148
      size: 13568
    - path: metrics/scores.json
      hash: md5
      md5: 07270af1948d883a3a13ca21b89d20fa
      size: 54
